<?xml version="1.0" encoding="utf-8"?>
<Project ToolsVersion="4.0" xmlns="http://schemas.microsoft.com/developer/msbuild/2003">
  <ItemGroup>
    <Filter Include="源文件">
      <UniqueIdentifier>{4FC737F1-C7A5-4376-A066-2A32D752A2FF}</UniqueIdentifier>
      <Extensions>cpp;c;cc;cxx;def;odl;idl;hpj;bat;asm;asmx</Extensions>
    </Filter>
    <Filter Include="头文件">
      <UniqueIdentifier>{93995380-89BD-4b04-88EB-625FBE52EBFB}</UniqueIdentifier>
      <Extensions>h;hh;hpp;hxx;hm;inl;inc;xsd</Extensions>
    </Filter>
    <Filter Include="资源文件">
      <UniqueIdentifier>{67DA6AB6-F800-4c08-8B7A-83BB121AAD01}</UniqueIdentifier>
      <Extensions>rc;ico;cur;bmp;dlg;rc2;rct;bin;rgs;gif;jpg;jpeg;jpe;resx;tiff;tif;png;wav;mfcribbon-ms</Extensions>
    </Filter>
    <Filter Include="源文件\core">
      <UniqueIdentifier>{47e4580e-0e0b-4f2d-8b7b-4b46375b2557}</UniqueIdentifier>
    </Filter>
    <Filter Include="源文件\managers">
      <UniqueIdentifier>{832c663c-8dca-4d0e-b757-436973f0e9cc}</UniqueIdentifier>
    </Filter>
    <Filter Include="源文件\GLTools">
      <UniqueIdentifier>{d3b6cea8-0a1c-43e8-8797-dcc46fb91bf8}</UniqueIdentifier>
    </Filter>
    <Filter Include="源文件\extends">
      <UniqueIdentifier>{196eacb5-229b-40e3-abc8-1babc7b54a06}</UniqueIdentifier>
    </Filter>
    <Filter Include="源文件\events">
      <UniqueIdentifier>{f6ab9730-a199-438b-aa59-b1994be80ad1}</UniqueIdentifier>
    </Filter>
    <Filter Include="源文件\extends\math">
      <UniqueIdentifier>{9788c47d-e37c-4be6-b5d7-84444e5d0483}</UniqueIdentifier>
    </Filter>
    <Filter Include="源文件\extends\libpng">
      <UniqueIdentifier>{9bc64394-405e-4986-bd59-e7f0663879b3}</UniqueIdentifier>
    </Filter>
  </ItemGroup>
  <ItemGroup>
    <ClCompile Include="openlDev\gltools\GLTriangleBatch.cpp">
      <Filter>源文件\GLTools</Filter>
    </ClCompile>
    <ClCompile Include="openlDev\gltools\math3d.cpp">
      <Filter>源文件\GLTools</Filter>
    </ClCompile>
    <ClCompile Include="openlDev\gltools\GLBatch.cpp">
      <Filter>源文件\GLTools</Filter>
    </ClCompile>
    <ClCompile Include="openlDev\gltools\GLShaderManager.cpp">
      <Filter>源文件\GLTools</Filter>
    </ClCompile>
    <ClCompile Include="openlDev\gltools\GLTools.cpp">
      <Filter>源文件\GLTools</Filter>
    </ClCompile>
    <ClCompile Include="core\SLTransformInfo.cpp">
      <Filter>源文件\core</Filter>
    </ClCompile>
    <ClCompile Include="core\SLNode.cpp">
      <Filter>源文件\core</Filter>
    </ClCompile>
    <ClCompile Include="core\SLScene.cpp">
      <Filter>源文件\core</Filter>
    </ClCompile>
    <ClCompile Include="core\SLTexture.cpp">
      <Filter>源文件\core</Filter>
    </ClCompile>
    <ClCompile Include="managers\SLSceneManager.cpp">
      <Filter>源文件\managers</Filter>
    </ClCompile>
    <ClCompile Include="managers\SLTextureManager.cpp">
      <Filter>源文件\managers</Filter>
    </ClCompile>
    <ClCompile Include="Launcher.cpp">
      <Filter>源文件</Filter>
    </ClCompile>
    <ClCompile Include="Runner.cpp">
      <Filter>源文件</Filter>
    </ClCompile>
    <ClCompile Include="core\SLSize.cpp">
      <Filter>源文件\core</Filter>
    </ClCompile>
    <ClCompile Include="core\SLPoint.cpp">
      <Filter>源文件\core</Filter>
    </ClCompile>
    <ClCompile Include="events\BaseEvent.cpp">
      <Filter>源文件\events</Filter>
    </ClCompile>
    <ClCompile Include="events\BaseHandler.cpp">
      <Filter>源文件\events</Filter>
    </ClCompile>
    <ClCompile Include="extends\math\Vec2.cpp">
      <Filter>源文件\extends\math</Filter>
    </ClCompile>
    <ClCompile Include="extends\math\MathUtil.cpp">
      <Filter>源文件\extends\math</Filter>
    </ClCompile>
    <ClCompile Include="extends\math\Vec3.cpp">
      <Filter>源文件\extends\math</Filter>
    </ClCompile>
    <ClCompile Include="extends\math\Vec4.cpp">
      <Filter>源文件\extends\math</Filter>
    </ClCompile>
    <ClCompile Include="extends\math\Quaternion.cpp">
      <Filter>源文件\extends\math</Filter>
    </ClCompile>
    <ClCompile Include="extends\math\Mat4.cpp">
      <Filter>源文件\extends\math</Filter>
    </ClCompile>
  </ItemGroup>
  <ItemGroup>
    <ClInclude Include="core\SLTexture.h">
      <Filter>源文件\core</Filter>
    </ClInclude>
    <ClInclude Include="core\SLTransformInfo.h">
      <Filter>源文件\core</Filter>
    </ClInclude>
    <ClInclude Include="core\SLNode.h">
      <Filter>源文件\core</Filter>
    </ClInclude>
    <ClInclude Include="core\SLScene.h">
      <Filter>源文件\core</Filter>
    </ClInclude>
    <ClInclude Include="managers\SLSceneManager.h">
      <Filter>源文件\managers</Filter>
    </ClInclude>
    <ClInclude Include="managers\SLTextureManager.h">
      <Filter>源文件\managers</Filter>
    </ClInclude>
    <ClInclude Include="Launcher.h">
      <Filter>源文件</Filter>
    </ClInclude>
    <ClInclude Include="core\SLSize.h">
      <Filter>源文件\core</Filter>
    </ClInclude>
    <ClInclude Include="core\SLPoint.h">
      <Filter>源文件\core</Filter>
    </ClInclude>
    <ClInclude Include="events\BaseEvent.h">
      <Filter>源文件\events</Filter>
    </ClInclude>
    <ClInclude Include="events\BaseHandler.h">
      <Filter>源文件\events</Filter>
    </ClInclude>
    <ClInclude Include="TestCode.h">
      <Filter>源文件</Filter>
    </ClInclude>
    <ClInclude Include="extends\libpng\Libpng.h">
      <Filter>源文件\extends\libpng</Filter>
    </ClInclude>
    <ClInclude Include="extends\math\Vec2.h">
      <Filter>源文件\extends\math</Filter>
    </ClInclude>
    <ClInclude Include="extends\math\MathUtil.h">
      <Filter>源文件\extends\math</Filter>
    </ClInclude>
    <ClInclude Include="extends\math\Vec3.h">
      <Filter>源文件\extends\math</Filter>
    </ClInclude>
    <ClInclude Include="extends\math\MathBase.h">
      <Filter>源文件\extends\math</Filter>
    </ClInclude>
    <ClInclude Include="extends\math\Vec4.h">
      <Filter>源文件\extends\math</Filter>
    </ClInclude>
    <ClInclude Include="extends\math\Quaternion.h">
      <Filter>源文件\extends\math</Filter>
    </ClInclude>
    <ClInclude Include="extends\math\Mat4.h">
      <Filter>源文件\extends\math</Filter>
    </ClInclude>
  </ItemGroup>
  <ItemGroup>
    <None Include="extends\math\Vec2.inl">
      <Filter>源文件\extends\math</Filter>
    </None>
    <None Include="extends\math\MathUtil.inl">
      <Filter>源文件\extends\math</Filter>
    </None>
    <None Include="extends\math\Vec3.inl">
      <Filter>源文件\extends\math</Filter>
    </None>
    <None Include="extends\math\Vec4.inl">
      <Filter>源文件\extends\math</Filter>
    </None>
    <None Include="extends\math\Quaternion.inl">
      <Filter>源文件\extends\math</Filter>
    </None>
    <None Include="extends\math\Mat4.inl">
      <Filter>源文件\extends\math</Filter>
    </None>
  </ItemGroup>
</Project>