<?xml version="1.0" encoding="utf-8"?>
<Project ToolsVersion="4.0" xmlns="http://schemas.microsoft.com/developer/msbuild/2003">
  <ItemGroup>
    <Filter Include="源文件">
      <UniqueIdentifier>{4FC737F1-C7A5-4376-A066-2A32D752A2FF}</UniqueIdentifier>
      <Extensions>cpp;c;cc;cxx;def;odl;idl;hpj;bat;asm;asmx</Extensions>
    </Filter>
    <Filter Include="头文件">
      <UniqueIdentifier>{93995380-89BD-4b04-88EB-625FBE52EBFB}</UniqueIdentifier>
      <Extensions>h;hh;hpp;hxx;hm;inl;inc;xsd</Extensions>
    </Filter>
    <Filter Include="资源文件">
      <UniqueIdentifier>{67DA6AB6-F800-4c08-8B7A-83BB121AAD01}</UniqueIdentifier>
      <Extensions>rc;ico;cur;bmp;dlg;rc2;rct;bin;rgs;gif;jpg;jpeg;jpe;resx;tiff;tif;png;wav;mfcribbon-ms</Extensions>
    </Filter>
    <Filter Include="源文件\core">
      <UniqueIdentifier>{47e4580e-0e0b-4f2d-8b7b-4b46375b2557}</UniqueIdentifier>
    </Filter>
    <Filter Include="源文件\managers">
      <UniqueIdentifier>{832c663c-8dca-4d0e-b757-436973f0e9cc}</UniqueIdentifier>
    </Filter>
    <Filter Include="源文件\GLTools">
      <UniqueIdentifier>{d3b6cea8-0a1c-43e8-8797-dcc46fb91bf8}</UniqueIdentifier>
    </Filter>
    <Filter Include="源文件\extends">
      <UniqueIdentifier>{196eacb5-229b-40e3-abc8-1babc7b54a06}</UniqueIdentifier>
    </Filter>
    <Filter Include="源文件\events">
      <UniqueIdentifier>{f6ab9730-a199-438b-aa59-b1994be80ad1}</UniqueIdentifier>
    </Filter>
    <Filter Include="源文件\extends\math">
      <UniqueIdentifier>{9788c47d-e37c-4be6-b5d7-84444e5d0483}</UniqueIdentifier>
    </Filter>
    <Filter Include="源文件\extends\libpng">
      <UniqueIdentifier>{9bc64394-405e-4986-bd59-e7f0663879b3}</UniqueIdentifier>
    </Filter>
    <Filter Include="源文件\game">
      <UniqueIdentifier>{26ff9c92-dd29-40cd-8729-12b48bf365ea}</UniqueIdentifier>
    </Filter>
    <Filter Include="源文件\core\3D">
      <UniqueIdentifier>{58a726fc-1a08-4ee1-9d22-5781565a301c}</UniqueIdentifier>
    </Filter>
    <Filter Include="源文件\core\render">
      <UniqueIdentifier>{a739f14b-3150-43c5-8510-980ecb0ed299}</UniqueIdentifier>
    </Filter>
    <Filter Include="源文件\core\misc">
      <UniqueIdentifier>{5515a295-e6c4-4ca6-8953-143fd0744963}</UniqueIdentifier>
    </Filter>
    <Filter Include="源文件\game\demo3d">
      <UniqueIdentifier>{a394a659-69c8-4e27-9492-82b39735c5e6}</UniqueIdentifier>
    </Filter>
    <Filter Include="源文件\extends\freetype">
      <UniqueIdentifier>{82cfa7cf-114e-4834-97b4-50e8c8dd0d24}</UniqueIdentifier>
    </Filter>
    <Filter Include="源文件\extends\freetype\freetype">
      <UniqueIdentifier>{11639c64-9ebc-48ff-9cb8-3e733ececdff}</UniqueIdentifier>
    </Filter>
    <Filter Include="源文件\core\2D">
      <UniqueIdentifier>{9e937af9-c6bd-4c8f-80ca-f40487760e20}</UniqueIdentifier>
    </Filter>
    <Filter Include="源文件\extends\fbx">
      <UniqueIdentifier>{b16b56b2-5a2a-4bb4-92ab-fe993022a11b}</UniqueIdentifier>
    </Filter>
  </ItemGroup>
  <ItemGroup>
    <ClCompile Include="openlDev\gltools\GLTriangleBatch.cpp">
      <Filter>源文件\GLTools</Filter>
    </ClCompile>
    <ClCompile Include="openlDev\gltools\math3d.cpp">
      <Filter>源文件\GLTools</Filter>
    </ClCompile>
    <ClCompile Include="openlDev\gltools\GLBatch.cpp">
      <Filter>源文件\GLTools</Filter>
    </ClCompile>
    <ClCompile Include="openlDev\gltools\GLShaderManager.cpp">
      <Filter>源文件\GLTools</Filter>
    </ClCompile>
    <ClCompile Include="openlDev\gltools\GLTools.cpp">
      <Filter>源文件\GLTools</Filter>
    </ClCompile>
    <ClCompile Include="core\SLTransformInfo.cpp">
      <Filter>源文件\core</Filter>
    </ClCompile>
    <ClCompile Include="core\SLNode.cpp">
      <Filter>源文件\core</Filter>
    </ClCompile>
    <ClCompile Include="core\SLScene.cpp">
      <Filter>源文件\core</Filter>
    </ClCompile>
    <ClCompile Include="core\SLTexture.cpp">
      <Filter>源文件\core</Filter>
    </ClCompile>
    <ClCompile Include="managers\SLSceneManager.cpp">
      <Filter>源文件\managers</Filter>
    </ClCompile>
    <ClCompile Include="managers\SLTextureManager.cpp">
      <Filter>源文件\managers</Filter>
    </ClCompile>
    <ClCompile Include="Launcher.cpp">
      <Filter>源文件</Filter>
    </ClCompile>
    <ClCompile Include="core\SLSize.cpp">
      <Filter>源文件\core</Filter>
    </ClCompile>
    <ClCompile Include="core\SLPoint.cpp">
      <Filter>源文件\core</Filter>
    </ClCompile>
    <ClCompile Include="events\BaseEvent.cpp">
      <Filter>源文件\events</Filter>
    </ClCompile>
    <ClCompile Include="events\BaseHandler.cpp">
      <Filter>源文件\events</Filter>
    </ClCompile>
    <ClCompile Include="extends\math\Vec2.cpp">
      <Filter>源文件\extends\math</Filter>
    </ClCompile>
    <ClCompile Include="extends\math\MathUtil.cpp">
      <Filter>源文件\extends\math</Filter>
    </ClCompile>
    <ClCompile Include="extends\math\Vec3.cpp">
      <Filter>源文件\extends\math</Filter>
    </ClCompile>
    <ClCompile Include="extends\math\Vec4.cpp">
      <Filter>源文件\extends\math</Filter>
    </ClCompile>
    <ClCompile Include="extends\math\Quaternion.cpp">
      <Filter>源文件\extends\math</Filter>
    </ClCompile>
    <ClCompile Include="extends\math\Mat4.cpp">
      <Filter>源文件\extends\math</Filter>
    </ClCompile>
    <ClCompile Include="events\TouchEvent.cpp">
      <Filter>源文件\events</Filter>
    </ClCompile>
    <ClCompile Include="game\Plane.cpp">
      <Filter>源文件\game</Filter>
    </ClCompile>
    <ClCompile Include="game\Bullet.cpp">
      <Filter>源文件\game</Filter>
    </ClCompile>
    <ClCompile Include="core\3D\SLObjNode.cpp">
      <Filter>源文件\core\3D</Filter>
    </ClCompile>
    <ClCompile Include="core\render\SLShader.cpp">
      <Filter>源文件\core\render</Filter>
    </ClCompile>
    <ClCompile Include="core\misc\SLFileUtils.cpp">
      <Filter>源文件\core\misc</Filter>
    </ClCompile>
    <ClCompile Include="managers\SLShaderManager.cpp">
      <Filter>源文件\managers</Filter>
    </ClCompile>
    <ClCompile Include="core\render\SLMatrixStack.cpp">
      <Filter>源文件\core\render</Filter>
    </ClCompile>
    <ClCompile Include="core\3D\SLNode3d.cpp">
      <Filter>源文件\core\3D</Filter>
    </ClCompile>
    <ClCompile Include="game\demo3d\DemoScene3d.cpp">
      <Filter>源文件\game\demo3d</Filter>
    </ClCompile>
    <ClCompile Include="managers\SLCameraManager.cpp">
      <Filter>源文件\managers</Filter>
    </ClCompile>
    <ClCompile Include="core\render\SLCamera.cpp">
      <Filter>源文件\core\render</Filter>
    </ClCompile>
    <ClCompile Include="core\2D\SLFontTTF.cpp">
      <Filter>源文件\core\2D</Filter>
    </ClCompile>
    <ClCompile Include="extends\freetype\CFontManager.cpp">
      <Filter>源文件\extends\freetype</Filter>
    </ClCompile>
    <ClCompile Include="managers\SLFontManager.cpp">
      <Filter>源文件\managers</Filter>
    </ClCompile>
    <ClCompile Include="game\demo3d\DemoScene2d.cpp">
      <Filter>源文件\game\demo3d</Filter>
    </ClCompile>
    <ClCompile Include="core\3D\SLBone.cpp">
      <Filter>源文件\core\3D</Filter>
    </ClCompile>
    <ClCompile Include="core\3D\SLFBXNode.cpp">
      <Filter>源文件\core\3D</Filter>
    </ClCompile>
    <ClCompile Include="core\3D\SLMAYANode.cpp">
      <Filter>源文件\core\3D</Filter>
    </ClCompile>
    <ClCompile Include="core\misc\SLString.cpp">
      <Filter>源文件\core\misc</Filter>
    </ClCompile>
    <ClCompile Include="Main.cpp">
      <Filter>源文件</Filter>
    </ClCompile>
  </ItemGroup>
  <ItemGroup>
    <ClInclude Include="core\SLTexture.h">
      <Filter>源文件\core</Filter>
    </ClInclude>
    <ClInclude Include="core\SLTransformInfo.h">
      <Filter>源文件\core</Filter>
    </ClInclude>
    <ClInclude Include="core\SLNode.h">
      <Filter>源文件\core</Filter>
    </ClInclude>
    <ClInclude Include="core\SLScene.h">
      <Filter>源文件\core</Filter>
    </ClInclude>
    <ClInclude Include="managers\SLSceneManager.h">
      <Filter>源文件\managers</Filter>
    </ClInclude>
    <ClInclude Include="managers\SLTextureManager.h">
      <Filter>源文件\managers</Filter>
    </ClInclude>
    <ClInclude Include="Launcher.h">
      <Filter>源文件</Filter>
    </ClInclude>
    <ClInclude Include="core\SLSize.h">
      <Filter>源文件\core</Filter>
    </ClInclude>
    <ClInclude Include="core\SLPoint.h">
      <Filter>源文件\core</Filter>
    </ClInclude>
    <ClInclude Include="events\BaseEvent.h">
      <Filter>源文件\events</Filter>
    </ClInclude>
    <ClInclude Include="events\BaseHandler.h">
      <Filter>源文件\events</Filter>
    </ClInclude>
    <ClInclude Include="extends\libpng\Libpng.h">
      <Filter>源文件\extends\libpng</Filter>
    </ClInclude>
    <ClInclude Include="extends\math\Vec2.h">
      <Filter>源文件\extends\math</Filter>
    </ClInclude>
    <ClInclude Include="extends\math\MathUtil.h">
      <Filter>源文件\extends\math</Filter>
    </ClInclude>
    <ClInclude Include="extends\math\Vec3.h">
      <Filter>源文件\extends\math</Filter>
    </ClInclude>
    <ClInclude Include="extends\math\MathBase.h">
      <Filter>源文件\extends\math</Filter>
    </ClInclude>
    <ClInclude Include="extends\math\Vec4.h">
      <Filter>源文件\extends\math</Filter>
    </ClInclude>
    <ClInclude Include="extends\math\Quaternion.h">
      <Filter>源文件\extends\math</Filter>
    </ClInclude>
    <ClInclude Include="extends\math\Mat4.h">
      <Filter>源文件\extends\math</Filter>
    </ClInclude>
    <ClInclude Include="events\TouchEvent.h">
      <Filter>源文件\events</Filter>
    </ClInclude>
    <ClInclude Include="game\Startup.h">
      <Filter>源文件\game</Filter>
    </ClInclude>
    <ClInclude Include="game\Plane.h">
      <Filter>源文件\game</Filter>
    </ClInclude>
    <ClInclude Include="game\Bullet.h">
      <Filter>源文件\game</Filter>
    </ClInclude>
    <ClInclude Include="core\3D\SLObjNode.h">
      <Filter>源文件\core\3D</Filter>
    </ClInclude>
    <ClInclude Include="core\render\SLShader.h">
      <Filter>源文件\core\render</Filter>
    </ClInclude>
    <ClInclude Include="core\misc\SLFileUtils.h">
      <Filter>源文件\core\misc</Filter>
    </ClInclude>
    <ClInclude Include="core\SLEngineH.h">
      <Filter>源文件\core</Filter>
    </ClInclude>
    <ClInclude Include="managers\SLShaderManager.h">
      <Filter>源文件\managers</Filter>
    </ClInclude>
    <ClInclude Include="core\render\SLMatrixStack.h">
      <Filter>源文件\core\render</Filter>
    </ClInclude>
    <ClInclude Include="core\3D\SLNode3d.h">
      <Filter>源文件\core\3D</Filter>
    </ClInclude>
    <ClInclude Include="game\demo3d\DemoScene3d.h">
      <Filter>源文件\game\demo3d</Filter>
    </ClInclude>
    <ClInclude Include="managers\SLCameraManager.h">
      <Filter>源文件\managers</Filter>
    </ClInclude>
    <ClInclude Include="core\render\SLCamera.h">
      <Filter>源文件\core\render</Filter>
    </ClInclude>
    <ClInclude Include="extends\freetype\ft2build.h">
      <Filter>源文件\extends\freetype</Filter>
    </ClInclude>
    <ClInclude Include="extends\freetype\freetype\ftbbox.h">
      <Filter>源文件\extends\freetype\freetype</Filter>
    </ClInclude>
    <ClInclude Include="extends\freetype\freetype\ftbdf.h">
      <Filter>源文件\extends\freetype\freetype</Filter>
    </ClInclude>
    <ClInclude Include="extends\freetype\freetype\ftbitmap.h">
      <Filter>源文件\extends\freetype\freetype</Filter>
    </ClInclude>
    <ClInclude Include="extends\freetype\freetype\ftbzip2.h">
      <Filter>源文件\extends\freetype\freetype</Filter>
    </ClInclude>
    <ClInclude Include="extends\freetype\freetype\ftcache.h">
      <Filter>源文件\extends\freetype\freetype</Filter>
    </ClInclude>
    <ClInclude Include="extends\freetype\freetype\ftcffdrv.h">
      <Filter>源文件\extends\freetype\freetype</Filter>
    </ClInclude>
    <ClInclude Include="extends\freetype\freetype\ftchapters.h">
      <Filter>源文件\extends\freetype\freetype</Filter>
    </ClInclude>
    <ClInclude Include="extends\freetype\freetype\ftcid.h">
      <Filter>源文件\extends\freetype\freetype</Filter>
    </ClInclude>
    <ClInclude Include="extends\freetype\freetype\fterrdef.h">
      <Filter>源文件\extends\freetype\freetype</Filter>
    </ClInclude>
    <ClInclude Include="extends\freetype\freetype\fterrors.h">
      <Filter>源文件\extends\freetype\freetype</Filter>
    </ClInclude>
    <ClInclude Include="extends\freetype\freetype\ftfntfmt.h">
      <Filter>源文件\extends\freetype\freetype</Filter>
    </ClInclude>
    <ClInclude Include="extends\freetype\freetype\ftgasp.h">
      <Filter>源文件\extends\freetype\freetype</Filter>
    </ClInclude>
    <ClInclude Include="extends\freetype\freetype\ftglyph.h">
      <Filter>源文件\extends\freetype\freetype</Filter>
    </ClInclude>
    <ClInclude Include="extends\freetype\freetype\ftgxval.h">
      <Filter>源文件\extends\freetype\freetype</Filter>
    </ClInclude>
    <ClInclude Include="extends\freetype\freetype\ftgzip.h">
      <Filter>源文件\extends\freetype\freetype</Filter>
    </ClInclude>
    <ClInclude Include="extends\freetype\freetype\ftimage.h">
      <Filter>源文件\extends\freetype\freetype</Filter>
    </ClInclude>
    <ClInclude Include="extends\freetype\freetype\ftincrem.h">
      <Filter>源文件\extends\freetype\freetype</Filter>
    </ClInclude>
    <ClInclude Include="extends\freetype\freetype\ftlcdfil.h">
      <Filter>源文件\extends\freetype\freetype</Filter>
    </ClInclude>
    <ClInclude Include="extends\freetype\freetype\ftlist.h">
      <Filter>源文件\extends\freetype\freetype</Filter>
    </ClInclude>
    <ClInclude Include="extends\freetype\freetype\ftlzw.h">
      <Filter>源文件\extends\freetype\freetype</Filter>
    </ClInclude>
    <ClInclude Include="extends\freetype\freetype\ftmac.h">
      <Filter>源文件\extends\freetype\freetype</Filter>
    </ClInclude>
    <ClInclude Include="extends\freetype\freetype\ftmm.h">
      <Filter>源文件\extends\freetype\freetype</Filter>
    </ClInclude>
    <ClInclude Include="extends\freetype\freetype\ftmodapi.h">
      <Filter>源文件\extends\freetype\freetype</Filter>
    </ClInclude>
    <ClInclude Include="extends\freetype\freetype\ftmoderr.h">
      <Filter>源文件\extends\freetype\freetype</Filter>
    </ClInclude>
    <ClInclude Include="extends\freetype\freetype\ftotval.h">
      <Filter>源文件\extends\freetype\freetype</Filter>
    </ClInclude>
    <ClInclude Include="extends\freetype\freetype\ftoutln.h">
      <Filter>源文件\extends\freetype\freetype</Filter>
    </ClInclude>
    <ClInclude Include="extends\freetype\freetype\ftpcfdrv.h">
      <Filter>源文件\extends\freetype\freetype</Filter>
    </ClInclude>
    <ClInclude Include="extends\freetype\freetype\ftpfr.h">
      <Filter>源文件\extends\freetype\freetype</Filter>
    </ClInclude>
    <ClInclude Include="extends\freetype\freetype\ftrender.h">
      <Filter>源文件\extends\freetype\freetype</Filter>
    </ClInclude>
    <ClInclude Include="extends\freetype\freetype\ftsizes.h">
      <Filter>源文件\extends\freetype\freetype</Filter>
    </ClInclude>
    <ClInclude Include="extends\freetype\freetype\ftsnames.h">
      <Filter>源文件\extends\freetype\freetype</Filter>
    </ClInclude>
    <ClInclude Include="extends\freetype\freetype\ftstroke.h">
      <Filter>源文件\extends\freetype\freetype</Filter>
    </ClInclude>
    <ClInclude Include="extends\freetype\freetype\ftsynth.h">
      <Filter>源文件\extends\freetype\freetype</Filter>
    </ClInclude>
    <ClInclude Include="extends\freetype\freetype\ftsystem.h">
      <Filter>源文件\extends\freetype\freetype</Filter>
    </ClInclude>
    <ClInclude Include="extends\freetype\freetype\fttrigon.h">
      <Filter>源文件\extends\freetype\freetype</Filter>
    </ClInclude>
    <ClInclude Include="extends\freetype\freetype\ftttdrv.h">
      <Filter>源文件\extends\freetype\freetype</Filter>
    </ClInclude>
    <ClInclude Include="extends\freetype\freetype\fttypes.h">
      <Filter>源文件\extends\freetype\freetype</Filter>
    </ClInclude>
    <ClInclude Include="extends\freetype\freetype\ftwinfnt.h">
      <Filter>源文件\extends\freetype\freetype</Filter>
    </ClInclude>
    <ClInclude Include="extends\freetype\freetype\t1tables.h">
      <Filter>源文件\extends\freetype\freetype</Filter>
    </ClInclude>
    <ClInclude Include="extends\freetype\freetype\ttnameid.h">
      <Filter>源文件\extends\freetype\freetype</Filter>
    </ClInclude>
    <ClInclude Include="extends\freetype\freetype\tttables.h">
      <Filter>源文件\extends\freetype\freetype</Filter>
    </ClInclude>
    <ClInclude Include="extends\freetype\freetype\tttags.h">
      <Filter>源文件\extends\freetype\freetype</Filter>
    </ClInclude>
    <ClInclude Include="extends\freetype\freetype\ttunpat.h">
      <Filter>源文件\extends\freetype\freetype</Filter>
    </ClInclude>
    <ClInclude Include="extends\freetype\freetype\config\ftconfig.h">
      <Filter>源文件\extends\freetype\freetype</Filter>
    </ClInclude>
    <ClInclude Include="extends\freetype\freetype\config\ftheader.h">
      <Filter>源文件\extends\freetype\freetype</Filter>
    </ClInclude>
    <ClInclude Include="extends\freetype\freetype\config\ftmodule.h">
      <Filter>源文件\extends\freetype\freetype</Filter>
    </ClInclude>
    <ClInclude Include="extends\freetype\freetype\config\ftoption.h">
      <Filter>源文件\extends\freetype\freetype</Filter>
    </ClInclude>
    <ClInclude Include="extends\freetype\freetype\config\ftstdlib.h">
      <Filter>源文件\extends\freetype\freetype</Filter>
    </ClInclude>
    <ClInclude Include="extends\freetype\freetype\internal\autohint.h">
      <Filter>源文件\extends\freetype\freetype</Filter>
    </ClInclude>
    <ClInclude Include="extends\freetype\freetype\internal\ftcalc.h">
      <Filter>源文件\extends\freetype\freetype</Filter>
    </ClInclude>
    <ClInclude Include="extends\freetype\freetype\internal\ftdebug.h">
      <Filter>源文件\extends\freetype\freetype</Filter>
    </ClInclude>
    <ClInclude Include="extends\freetype\freetype\internal\ftdriver.h">
      <Filter>源文件\extends\freetype\freetype</Filter>
    </ClInclude>
    <ClInclude Include="extends\freetype\freetype\internal\ftgloadr.h">
      <Filter>源文件\extends\freetype\freetype</Filter>
    </ClInclude>
    <ClInclude Include="extends\freetype\freetype\internal\fthash.h">
      <Filter>源文件\extends\freetype\freetype</Filter>
    </ClInclude>
    <ClInclude Include="extends\freetype\freetype\internal\ftmemory.h">
      <Filter>源文件\extends\freetype\freetype</Filter>
    </ClInclude>
    <ClInclude Include="extends\freetype\freetype\internal\ftobjs.h">
      <Filter>源文件\extends\freetype\freetype</Filter>
    </ClInclude>
    <ClInclude Include="extends\freetype\freetype\internal\ftpic.h">
      <Filter>源文件\extends\freetype\freetype</Filter>
    </ClInclude>
    <ClInclude Include="extends\freetype\freetype\internal\ftrfork.h">
      <Filter>源文件\extends\freetype\freetype</Filter>
    </ClInclude>
    <ClInclude Include="extends\freetype\freetype\internal\ftserv.h">
      <Filter>源文件\extends\freetype\freetype</Filter>
    </ClInclude>
    <ClInclude Include="extends\freetype\freetype\internal\ftstream.h">
      <Filter>源文件\extends\freetype\freetype</Filter>
    </ClInclude>
    <ClInclude Include="extends\freetype\freetype\internal\fttrace.h">
      <Filter>源文件\extends\freetype\freetype</Filter>
    </ClInclude>
    <ClInclude Include="extends\freetype\freetype\internal\ftvalid.h">
      <Filter>源文件\extends\freetype\freetype</Filter>
    </ClInclude>
    <ClInclude Include="extends\freetype\freetype\internal\internal.h">
      <Filter>源文件\extends\freetype\freetype</Filter>
    </ClInclude>
    <ClInclude Include="extends\freetype\freetype\internal\psaux.h">
      <Filter>源文件\extends\freetype\freetype</Filter>
    </ClInclude>
    <ClInclude Include="extends\freetype\freetype\internal\pshints.h">
      <Filter>源文件\extends\freetype\freetype</Filter>
    </ClInclude>
    <ClInclude Include="extends\freetype\freetype\internal\services\svbdf.h">
      <Filter>源文件\extends\freetype\freetype</Filter>
    </ClInclude>
    <ClInclude Include="extends\freetype\freetype\internal\services\svcid.h">
      <Filter>源文件\extends\freetype\freetype</Filter>
    </ClInclude>
    <ClInclude Include="extends\freetype\freetype\internal\services\svfntfmt.h">
      <Filter>源文件\extends\freetype\freetype</Filter>
    </ClInclude>
    <ClInclude Include="extends\freetype\freetype\internal\services\svgldict.h">
      <Filter>源文件\extends\freetype\freetype</Filter>
    </ClInclude>
    <ClInclude Include="extends\freetype\freetype\internal\services\svgxval.h">
      <Filter>源文件\extends\freetype\freetype</Filter>
    </ClInclude>
    <ClInclude Include="extends\freetype\freetype\internal\services\svkern.h">
      <Filter>源文件\extends\freetype\freetype</Filter>
    </ClInclude>
    <ClInclude Include="extends\freetype\freetype\internal\services\svmetric.h">
      <Filter>源文件\extends\freetype\freetype</Filter>
    </ClInclude>
    <ClInclude Include="extends\freetype\freetype\internal\services\svmm.h">
      <Filter>源文件\extends\freetype\freetype</Filter>
    </ClInclude>
    <ClInclude Include="extends\freetype\freetype\internal\services\svotval.h">
      <Filter>源文件\extends\freetype\freetype</Filter>
    </ClInclude>
    <ClInclude Include="extends\freetype\freetype\internal\services\svpfr.h">
      <Filter>源文件\extends\freetype\freetype</Filter>
    </ClInclude>
    <ClInclude Include="extends\freetype\freetype\internal\services\svpostnm.h">
      <Filter>源文件\extends\freetype\freetype</Filter>
    </ClInclude>
    <ClInclude Include="extends\freetype\freetype\internal\services\svprop.h">
      <Filter>源文件\extends\freetype\freetype</Filter>
    </ClInclude>
    <ClInclude Include="extends\freetype\freetype\internal\services\svpscmap.h">
      <Filter>源文件\extends\freetype\freetype</Filter>
    </ClInclude>
    <ClInclude Include="extends\freetype\freetype\internal\services\svpsinfo.h">
      <Filter>源文件\extends\freetype\freetype</Filter>
    </ClInclude>
    <ClInclude Include="extends\freetype\freetype\internal\services\svsfnt.h">
      <Filter>源文件\extends\freetype\freetype</Filter>
    </ClInclude>
    <ClInclude Include="extends\freetype\freetype\internal\services\svttcmap.h">
      <Filter>源文件\extends\freetype\freetype</Filter>
    </ClInclude>
    <ClInclude Include="extends\freetype\freetype\internal\services\svtteng.h">
      <Filter>源文件\extends\freetype\freetype</Filter>
    </ClInclude>
    <ClInclude Include="extends\freetype\freetype\internal\services\svttglyf.h">
      <Filter>源文件\extends\freetype\freetype</Filter>
    </ClInclude>
    <ClInclude Include="extends\freetype\freetype\internal\services\svwinfnt.h">
      <Filter>源文件\extends\freetype\freetype</Filter>
    </ClInclude>
    <ClInclude Include="extends\freetype\freetype\internal\sfnt.h">
      <Filter>源文件\extends\freetype\freetype</Filter>
    </ClInclude>
    <ClInclude Include="extends\freetype\freetype\internal\t1types.h">
      <Filter>源文件\extends\freetype\freetype</Filter>
    </ClInclude>
    <ClInclude Include="extends\freetype\freetype\internal\tttypes.h">
      <Filter>源文件\extends\freetype\freetype</Filter>
    </ClInclude>
    <ClInclude Include="extends\freetype\freetype\freetype.h">
      <Filter>源文件\extends\freetype\freetype</Filter>
    </ClInclude>
    <ClInclude Include="extends\freetype\freetype\ftadvanc.h">
      <Filter>源文件\extends\freetype\freetype</Filter>
    </ClInclude>
    <ClInclude Include="extends\freetype\freetype\ftautoh.h">
      <Filter>源文件\extends\freetype\freetype</Filter>
    </ClInclude>
    <ClInclude Include="extends\freetype\SLFreetype.h">
      <Filter>源文件\extends\freetype</Filter>
    </ClInclude>
    <ClInclude Include="core\2D\SLFontTTF.h">
      <Filter>源文件\core\2D</Filter>
    </ClInclude>
    <ClInclude Include="extends\freetype\CFontManager.h">
      <Filter>源文件\extends\freetype</Filter>
    </ClInclude>
    <ClInclude Include="managers\SLFontManager.h">
      <Filter>源文件\managers</Filter>
    </ClInclude>
    <ClInclude Include="game\demo3d\DemoScene2d.h">
      <Filter>源文件\game\demo3d</Filter>
    </ClInclude>
    <ClInclude Include="core\3D\SLBone.h">
      <Filter>源文件\core\3D</Filter>
    </ClInclude>
    <ClInclude Include="core\3D\SLFBXNode.h">
      <Filter>源文件\core\3D</Filter>
    </ClInclude>
    <ClInclude Include="extends\fbx\include\fbxsdk\core\arch\fbxalloc.h">
      <Filter>源文件\extends\fbx</Filter>
    </ClInclude>
    <ClInclude Include="extends\fbx\include\fbxsdk\core\arch\fbxarch.h">
      <Filter>源文件\extends\fbx</Filter>
    </ClInclude>
    <ClInclude Include="extends\fbx\include\fbxsdk\core\arch\fbxdebug.h">
      <Filter>源文件\extends\fbx</Filter>
    </ClInclude>
    <ClInclude Include="extends\fbx\include\fbxsdk\core\arch\fbxnew.h">
      <Filter>源文件\extends\fbx</Filter>
    </ClInclude>
    <ClInclude Include="extends\fbx\include\fbxsdk\core\arch\fbxstdcompliant.h">
      <Filter>源文件\extends\fbx</Filter>
    </ClInclude>
    <ClInclude Include="extends\fbx\include\fbxsdk\core\arch\fbxtypes.h">
      <Filter>源文件\extends\fbx</Filter>
    </ClInclude>
    <ClInclude Include="extends\fbx\include\fbxsdk\core\base\fbxarray.h">
      <Filter>源文件\extends\fbx</Filter>
    </ClInclude>
    <ClInclude Include="extends\fbx\include\fbxsdk\core\base\fbxbitset.h">
      <Filter>源文件\extends\fbx</Filter>
    </ClInclude>
    <ClInclude Include="extends\fbx\include\fbxsdk\core\base\fbxcharptrset.h">
      <Filter>源文件\extends\fbx</Filter>
    </ClInclude>
    <ClInclude Include="extends\fbx\include\fbxsdk\core\base\fbxcontainerallocators.h">
      <Filter>源文件\extends\fbx</Filter>
    </ClInclude>
    <ClInclude Include="extends\fbx\include\fbxsdk\core\base\fbxdynamicarray.h">
      <Filter>源文件\extends\fbx</Filter>
    </ClInclude>
    <ClInclude Include="extends\fbx\include\fbxsdk\core\base\fbxfile.h">
      <Filter>源文件\extends\fbx</Filter>
    </ClInclude>
    <ClInclude Include="extends\fbx\include\fbxsdk\core\base\fbxfolder.h">
      <Filter>源文件\extends\fbx</Filter>
    </ClInclude>
    <ClInclude Include="extends\fbx\include\fbxsdk\core\base\fbxhashmap.h">
      <Filter>源文件\extends\fbx</Filter>
    </ClInclude>
    <ClInclude Include="extends\fbx\include\fbxsdk\core\base\fbxintrusivelist.h">
      <Filter>源文件\extends\fbx</Filter>
    </ClInclude>
    <ClInclude Include="extends\fbx\include\fbxsdk\core\base\fbxmap.h">
      <Filter>源文件\extends\fbx</Filter>
    </ClInclude>
    <ClInclude Include="extends\fbx\include\fbxsdk\core\base\fbxmemorypool.h">
      <Filter>源文件\extends\fbx</Filter>
    </ClInclude>
    <ClInclude Include="extends\fbx\include\fbxsdk\core\base\fbxmultimap.h">
      <Filter>源文件\extends\fbx</Filter>
    </ClInclude>
    <ClInclude Include="extends\fbx\include\fbxsdk\core\base\fbxpair.h">
      <Filter>源文件\extends\fbx</Filter>
    </ClInclude>
    <ClInclude Include="extends\fbx\include\fbxsdk\core\base\fbxredblacktree.h">
      <Filter>源文件\extends\fbx</Filter>
    </ClInclude>
    <ClInclude Include="extends\fbx\include\fbxsdk\core\base\fbxset.h">
      <Filter>源文件\extends\fbx</Filter>
    </ClInclude>
    <ClInclude Include="extends\fbx\include\fbxsdk\core\base\fbxstatus.h">
      <Filter>源文件\extends\fbx</Filter>
    </ClInclude>
    <ClInclude Include="extends\fbx\include\fbxsdk\core\base\fbxstring.h">
      <Filter>源文件\extends\fbx</Filter>
    </ClInclude>
    <ClInclude Include="extends\fbx\include\fbxsdk\core\base\fbxstringlist.h">
      <Filter>源文件\extends\fbx</Filter>
    </ClInclude>
    <ClInclude Include="extends\fbx\include\fbxsdk\core\base\fbxtime.h">
      <Filter>源文件\extends\fbx</Filter>
    </ClInclude>
    <ClInclude Include="extends\fbx\include\fbxsdk\core\base\fbxtimecode.h">
      <Filter>源文件\extends\fbx</Filter>
    </ClInclude>
    <ClInclude Include="extends\fbx\include\fbxsdk\core\base\fbxutils.h">
      <Filter>源文件\extends\fbx</Filter>
    </ClInclude>
    <ClInclude Include="extends\fbx\include\fbxsdk\core\fbxclassid.h">
      <Filter>源文件\extends\fbx</Filter>
    </ClInclude>
    <ClInclude Include="extends\fbx\include\fbxsdk\core\fbxconnectionpoint.h">
      <Filter>源文件\extends\fbx</Filter>
    </ClInclude>
    <ClInclude Include="extends\fbx\include\fbxsdk\core\fbxdatatypes.h">
      <Filter>源文件\extends\fbx</Filter>
    </ClInclude>
    <ClInclude Include="extends\fbx\include\fbxsdk\core\fbxemitter.h">
      <Filter>源文件\extends\fbx</Filter>
    </ClInclude>
    <ClInclude Include="extends\fbx\include\fbxsdk\core\fbxevent.h">
      <Filter>源文件\extends\fbx</Filter>
    </ClInclude>
    <ClInclude Include="extends\fbx\include\fbxsdk\core\fbxeventhandler.h">
      <Filter>源文件\extends\fbx</Filter>
    </ClInclude>
    <ClInclude Include="extends\fbx\include\fbxsdk\core\fbxlistener.h">
      <Filter>源文件\extends\fbx</Filter>
    </ClInclude>
    <ClInclude Include="extends\fbx\include\fbxsdk\core\fbxloadingstrategy.h">
      <Filter>源文件\extends\fbx</Filter>
    </ClInclude>
    <ClInclude Include="extends\fbx\include\fbxsdk\core\fbxmanager.h">
      <Filter>源文件\extends\fbx</Filter>
    </ClInclude>
    <ClInclude Include="extends\fbx\include\fbxsdk\core\fbxmodule.h">
      <Filter>源文件\extends\fbx</Filter>
    </ClInclude>
    <ClInclude Include="extends\fbx\include\fbxsdk\core\fbxobject.h">
      <Filter>源文件\extends\fbx</Filter>
    </ClInclude>
    <ClInclude Include="extends\fbx\include\fbxsdk\core\fbxperipheral.h">
      <Filter>源文件\extends\fbx</Filter>
    </ClInclude>
    <ClInclude Include="extends\fbx\include\fbxsdk\core\fbxplugin.h">
      <Filter>源文件\extends\fbx</Filter>
    </ClInclude>
    <ClInclude Include="extends\fbx\include\fbxsdk\core\fbxplugincontainer.h">
      <Filter>源文件\extends\fbx</Filter>
    </ClInclude>
    <ClInclude Include="extends\fbx\include\fbxsdk\core\fbxproperty.h">
      <Filter>源文件\extends\fbx</Filter>
    </ClInclude>
    <ClInclude Include="extends\fbx\include\fbxsdk\core\fbxpropertydef.h">
      <Filter>源文件\extends\fbx</Filter>
    </ClInclude>
    <ClInclude Include="extends\fbx\include\fbxsdk\core\fbxpropertyhandle.h">
      <Filter>源文件\extends\fbx</Filter>
    </ClInclude>
    <ClInclude Include="extends\fbx\include\fbxsdk\core\fbxpropertypage.h">
      <Filter>源文件\extends\fbx</Filter>
    </ClInclude>
    <ClInclude Include="extends\fbx\include\fbxsdk\core\fbxpropertytypes.h">
      <Filter>源文件\extends\fbx</Filter>
    </ClInclude>
    <ClInclude Include="extends\fbx\include\fbxsdk\core\fbxquery.h">
      <Filter>源文件\extends\fbx</Filter>
    </ClInclude>
    <ClInclude Include="extends\fbx\include\fbxsdk\core\fbxqueryevent.h">
      <Filter>源文件\extends\fbx</Filter>
    </ClInclude>
    <ClInclude Include="extends\fbx\include\fbxsdk\core\fbxscopedloadingdirectory.h">
      <Filter>源文件\extends\fbx</Filter>
    </ClInclude>
    <ClInclude Include="extends\fbx\include\fbxsdk\core\fbxscopedloadingfilename.h">
      <Filter>源文件\extends\fbx</Filter>
    </ClInclude>
    <ClInclude Include="extends\fbx\include\fbxsdk\core\fbxstream.h">
      <Filter>源文件\extends\fbx</Filter>
    </ClInclude>
    <ClInclude Include="extends\fbx\include\fbxsdk\core\fbxsymbol.h">
      <Filter>源文件\extends\fbx</Filter>
    </ClInclude>
    <ClInclude Include="extends\fbx\include\fbxsdk\core\fbxsystemunit.h">
      <Filter>源文件\extends\fbx</Filter>
    </ClInclude>
    <ClInclude Include="extends\fbx\include\fbxsdk\core\fbxxref.h">
      <Filter>源文件\extends\fbx</Filter>
    </ClInclude>
    <ClInclude Include="extends\fbx\include\fbxsdk\core\math\fbxaffinematrix.h">
      <Filter>源文件\extends\fbx</Filter>
    </ClInclude>
    <ClInclude Include="extends\fbx\include\fbxsdk\core\math\fbxdualquaternion.h">
      <Filter>源文件\extends\fbx</Filter>
    </ClInclude>
    <ClInclude Include="extends\fbx\include\fbxsdk\core\math\fbxmath.h">
      <Filter>源文件\extends\fbx</Filter>
    </ClInclude>
    <ClInclude Include="extends\fbx\include\fbxsdk\core\math\fbxmatrix.h">
      <Filter>源文件\extends\fbx</Filter>
    </ClInclude>
    <ClInclude Include="extends\fbx\include\fbxsdk\core\math\fbxquaternion.h">
      <Filter>源文件\extends\fbx</Filter>
    </ClInclude>
    <ClInclude Include="extends\fbx\include\fbxsdk\core\math\fbxtransforms.h">
      <Filter>源文件\extends\fbx</Filter>
    </ClInclude>
    <ClInclude Include="extends\fbx\include\fbxsdk\core\math\fbxvector2.h">
      <Filter>源文件\extends\fbx</Filter>
    </ClInclude>
    <ClInclude Include="extends\fbx\include\fbxsdk\core\math\fbxvector4.h">
      <Filter>源文件\extends\fbx</Filter>
    </ClInclude>
    <ClInclude Include="extends\fbx\include\fbxsdk\core\sync\fbxatomic.h">
      <Filter>源文件\extends\fbx</Filter>
    </ClInclude>
    <ClInclude Include="extends\fbx\include\fbxsdk\core\sync\fbxclock.h">
      <Filter>源文件\extends\fbx</Filter>
    </ClInclude>
    <ClInclude Include="extends\fbx\include\fbxsdk\core\sync\fbxsync.h">
      <Filter>源文件\extends\fbx</Filter>
    </ClInclude>
    <ClInclude Include="extends\fbx\include\fbxsdk\core\sync\fbxthread.h">
      <Filter>源文件\extends\fbx</Filter>
    </ClInclude>
    <ClInclude Include="extends\fbx\include\fbxsdk\fbxsdk_def.h">
      <Filter>源文件\extends\fbx</Filter>
    </ClInclude>
    <ClInclude Include="extends\fbx\include\fbxsdk\fbxsdk_nsbegin.h">
      <Filter>源文件\extends\fbx</Filter>
    </ClInclude>
    <ClInclude Include="extends\fbx\include\fbxsdk\fbxsdk_nsend.h">
      <Filter>源文件\extends\fbx</Filter>
    </ClInclude>
    <ClInclude Include="extends\fbx\include\fbxsdk\fbxsdk_version.h">
      <Filter>源文件\extends\fbx</Filter>
    </ClInclude>
    <ClInclude Include="extends\fbx\include\fbxsdk\fileio\collada\fbxcolladaanimationelement.h">
      <Filter>源文件\extends\fbx</Filter>
    </ClInclude>
    <ClInclude Include="extends\fbx\include\fbxsdk\fileio\collada\fbxcolladaelement.h">
      <Filter>源文件\extends\fbx</Filter>
    </ClInclude>
    <ClInclude Include="extends\fbx\include\fbxsdk\fileio\collada\fbxcolladaiostream.h">
      <Filter>源文件\extends\fbx</Filter>
    </ClInclude>
    <ClInclude Include="extends\fbx\include\fbxsdk\fileio\collada\fbxcolladanamespace.h">
      <Filter>源文件\extends\fbx</Filter>
    </ClInclude>
    <ClInclude Include="extends\fbx\include\fbxsdk\fileio\collada\fbxcolladatokens.h">
      <Filter>源文件\extends\fbx</Filter>
    </ClInclude>
    <ClInclude Include="extends\fbx\include\fbxsdk\fileio\collada\fbxcolladautils.h">
      <Filter>源文件\extends\fbx</Filter>
    </ClInclude>
    <ClInclude Include="extends\fbx\include\fbxsdk\fileio\collada\fbxreadercollada14.h">
      <Filter>源文件\extends\fbx</Filter>
    </ClInclude>
    <ClInclude Include="extends\fbx\include\fbxsdk\fileio\collada\fbxwritercollada14.h">
      <Filter>源文件\extends\fbx</Filter>
    </ClInclude>
    <ClInclude Include="extends\fbx\include\fbxsdk\fileio\fbx\fbxio.h">
      <Filter>源文件\extends\fbx</Filter>
    </ClInclude>
    <ClInclude Include="extends\fbx\include\fbxsdk\fileio\fbx\fbxreaderfbx5.h">
      <Filter>源文件\extends\fbx</Filter>
    </ClInclude>
    <ClInclude Include="extends\fbx\include\fbxsdk\fileio\fbx\fbxreaderfbx6.h">
      <Filter>源文件\extends\fbx</Filter>
    </ClInclude>
    <ClInclude Include="extends\fbx\include\fbxsdk\fileio\fbx\fbxreaderfbx7.h">
      <Filter>源文件\extends\fbx</Filter>
    </ClInclude>
    <ClInclude Include="extends\fbx\include\fbxsdk\fileio\fbx\fbxwriterfbx5.h">
      <Filter>源文件\extends\fbx</Filter>
    </ClInclude>
    <ClInclude Include="extends\fbx\include\fbxsdk\fileio\fbx\fbxwriterfbx6.h">
      <Filter>源文件\extends\fbx</Filter>
    </ClInclude>
    <ClInclude Include="extends\fbx\include\fbxsdk\fileio\fbx\fbxwriterfbx7.h">
      <Filter>源文件\extends\fbx</Filter>
    </ClInclude>
    <ClInclude Include="extends\fbx\include\fbxsdk\fileio\fbxbase64coder.h">
      <Filter>源文件\extends\fbx</Filter>
    </ClInclude>
    <ClInclude Include="extends\fbx\include\fbxsdk\fileio\fbxexporter.h">
      <Filter>源文件\extends\fbx</Filter>
    </ClInclude>
    <ClInclude Include="extends\fbx\include\fbxsdk\fileio\fbxexternaldocreflistener.h">
      <Filter>源文件\extends\fbx</Filter>
    </ClInclude>
    <ClInclude Include="extends\fbx\include\fbxsdk\fileio\fbxfiletokens.h">
      <Filter>源文件\extends\fbx</Filter>
    </ClInclude>
    <ClInclude Include="extends\fbx\include\fbxsdk\fileio\fbxglobalcamerasettings.h">
      <Filter>源文件\extends\fbx</Filter>
    </ClInclude>
    <ClInclude Include="extends\fbx\include\fbxsdk\fileio\fbxgloballightsettings.h">
      <Filter>源文件\extends\fbx</Filter>
    </ClInclude>
    <ClInclude Include="extends\fbx\include\fbxsdk\fileio\fbxglobalsettings.h">
      <Filter>源文件\extends\fbx</Filter>
    </ClInclude>
    <ClInclude Include="extends\fbx\include\fbxsdk\fileio\fbxgobo.h">
      <Filter>源文件\extends\fbx</Filter>
    </ClInclude>
    <ClInclude Include="extends\fbx\include\fbxsdk\fileio\fbximporter.h">
      <Filter>源文件\extends\fbx</Filter>
    </ClInclude>
    <ClInclude Include="extends\fbx\include\fbxsdk\fileio\fbxiobase.h">
      <Filter>源文件\extends\fbx</Filter>
    </ClInclude>
    <ClInclude Include="extends\fbx\include\fbxsdk\fileio\fbxiopluginregistry.h">
      <Filter>源文件\extends\fbx</Filter>
    </ClInclude>
    <ClInclude Include="extends\fbx\include\fbxsdk\fileio\fbxiosettings.h">
      <Filter>源文件\extends\fbx</Filter>
    </ClInclude>
    <ClInclude Include="extends\fbx\include\fbxsdk\fileio\fbxiosettingspath.h">
      <Filter>源文件\extends\fbx</Filter>
    </ClInclude>
    <ClInclude Include="extends\fbx\include\fbxsdk\fileio\fbxprogress.h">
      <Filter>源文件\extends\fbx</Filter>
    </ClInclude>
    <ClInclude Include="extends\fbx\include\fbxsdk\fileio\fbxreader.h">
      <Filter>源文件\extends\fbx</Filter>
    </ClInclude>
    <ClInclude Include="extends\fbx\include\fbxsdk\fileio\fbxstatistics.h">
      <Filter>源文件\extends\fbx</Filter>
    </ClInclude>
    <ClInclude Include="extends\fbx\include\fbxsdk\fileio\fbxstatisticsfbx.h">
      <Filter>源文件\extends\fbx</Filter>
    </ClInclude>
    <ClInclude Include="extends\fbx\include\fbxsdk\fileio\fbxwriter.h">
      <Filter>源文件\extends\fbx</Filter>
    </ClInclude>
    <ClInclude Include="extends\fbx\include\fbxsdk\scene\animation\fbxanimcurve.h">
      <Filter>源文件\extends\fbx</Filter>
    </ClInclude>
    <ClInclude Include="extends\fbx\include\fbxsdk\scene\animation\fbxanimcurvebase.h">
      <Filter>源文件\extends\fbx</Filter>
    </ClInclude>
    <ClInclude Include="extends\fbx\include\fbxsdk\scene\animation\fbxanimcurvefilters.h">
      <Filter>源文件\extends\fbx</Filter>
    </ClInclude>
    <ClInclude Include="extends\fbx\include\fbxsdk\scene\animation\fbxanimcurvenode.h">
      <Filter>源文件\extends\fbx</Filter>
    </ClInclude>
    <ClInclude Include="extends\fbx\include\fbxsdk\scene\animation\fbxanimevalclassic.h">
      <Filter>源文件\extends\fbx</Filter>
    </ClInclude>
    <ClInclude Include="extends\fbx\include\fbxsdk\scene\animation\fbxanimevalstate.h">
      <Filter>源文件\extends\fbx</Filter>
    </ClInclude>
    <ClInclude Include="extends\fbx\include\fbxsdk\scene\animation\fbxanimevaluator.h">
      <Filter>源文件\extends\fbx</Filter>
    </ClInclude>
    <ClInclude Include="extends\fbx\include\fbxsdk\scene\animation\fbxanimlayer.h">
      <Filter>源文件\extends\fbx</Filter>
    </ClInclude>
    <ClInclude Include="extends\fbx\include\fbxsdk\scene\animation\fbxanimstack.h">
      <Filter>源文件\extends\fbx</Filter>
    </ClInclude>
    <ClInclude Include="extends\fbx\include\fbxsdk\scene\animation\fbxanimutilities.h">
      <Filter>源文件\extends\fbx</Filter>
    </ClInclude>
    <ClInclude Include="extends\fbx\include\fbxsdk\scene\constraint\fbxcharacter.h">
      <Filter>源文件\extends\fbx</Filter>
    </ClInclude>
    <ClInclude Include="extends\fbx\include\fbxsdk\scene\constraint\fbxcharacternodename.h">
      <Filter>源文件\extends\fbx</Filter>
    </ClInclude>
    <ClInclude Include="extends\fbx\include\fbxsdk\scene\constraint\fbxcharacterpose.h">
      <Filter>源文件\extends\fbx</Filter>
    </ClInclude>
    <ClInclude Include="extends\fbx\include\fbxsdk\scene\constraint\fbxconstraint.h">
      <Filter>源文件\extends\fbx</Filter>
    </ClInclude>
    <ClInclude Include="extends\fbx\include\fbxsdk\scene\constraint\fbxconstraintaim.h">
      <Filter>源文件\extends\fbx</Filter>
    </ClInclude>
    <ClInclude Include="extends\fbx\include\fbxsdk\scene\constraint\fbxconstraintcustom.h">
      <Filter>源文件\extends\fbx</Filter>
    </ClInclude>
    <ClInclude Include="extends\fbx\include\fbxsdk\scene\constraint\fbxconstraintparent.h">
      <Filter>源文件\extends\fbx</Filter>
    </ClInclude>
    <ClInclude Include="extends\fbx\include\fbxsdk\scene\constraint\fbxconstraintposition.h">
      <Filter>源文件\extends\fbx</Filter>
    </ClInclude>
    <ClInclude Include="extends\fbx\include\fbxsdk\scene\constraint\fbxconstraintrotation.h">
      <Filter>源文件\extends\fbx</Filter>
    </ClInclude>
    <ClInclude Include="extends\fbx\include\fbxsdk\scene\constraint\fbxconstraintscale.h">
      <Filter>源文件\extends\fbx</Filter>
    </ClInclude>
    <ClInclude Include="extends\fbx\include\fbxsdk\scene\constraint\fbxconstraintsinglechainik.h">
      <Filter>源文件\extends\fbx</Filter>
    </ClInclude>
    <ClInclude Include="extends\fbx\include\fbxsdk\scene\constraint\fbxconstraintutils.h">
      <Filter>源文件\extends\fbx</Filter>
    </ClInclude>
    <ClInclude Include="extends\fbx\include\fbxsdk\scene\constraint\fbxcontrolset.h">
      <Filter>源文件\extends\fbx</Filter>
    </ClInclude>
    <ClInclude Include="extends\fbx\include\fbxsdk\scene\constraint\fbxhik2fbxcharacter.h">
      <Filter>源文件\extends\fbx</Filter>
    </ClInclude>
    <ClInclude Include="extends\fbx\include\fbxsdk\scene\fbxaudio.h">
      <Filter>源文件\extends\fbx</Filter>
    </ClInclude>
    <ClInclude Include="extends\fbx\include\fbxsdk\scene\fbxaudiolayer.h">
      <Filter>源文件\extends\fbx</Filter>
    </ClInclude>
    <ClInclude Include="extends\fbx\include\fbxsdk\scene\fbxaxissystem.h">
      <Filter>源文件\extends\fbx</Filter>
    </ClInclude>
    <ClInclude Include="extends\fbx\include\fbxsdk\scene\fbxcollection.h">
      <Filter>源文件\extends\fbx</Filter>
    </ClInclude>
    <ClInclude Include="extends\fbx\include\fbxsdk\scene\fbxcollectionexclusive.h">
      <Filter>源文件\extends\fbx</Filter>
    </ClInclude>
    <ClInclude Include="extends\fbx\include\fbxsdk\scene\fbxcontainer.h">
      <Filter>源文件\extends\fbx</Filter>
    </ClInclude>
    <ClInclude Include="extends\fbx\include\fbxsdk\scene\fbxcontainertemplate.h">
      <Filter>源文件\extends\fbx</Filter>
    </ClInclude>
    <ClInclude Include="extends\fbx\include\fbxsdk\scene\fbxdisplaylayer.h">
      <Filter>源文件\extends\fbx</Filter>
    </ClInclude>
    <ClInclude Include="extends\fbx\include\fbxsdk\scene\fbxdocument.h">
      <Filter>源文件\extends\fbx</Filter>
    </ClInclude>
    <ClInclude Include="extends\fbx\include\fbxsdk\scene\fbxdocumentinfo.h">
      <Filter>源文件\extends\fbx</Filter>
    </ClInclude>
    <ClInclude Include="extends\fbx\include\fbxsdk\scene\fbxenvironment.h">
      <Filter>源文件\extends\fbx</Filter>
    </ClInclude>
    <ClInclude Include="extends\fbx\include\fbxsdk\scene\fbxgroupname.h">
      <Filter>源文件\extends\fbx</Filter>
    </ClInclude>
    <ClInclude Include="extends\fbx\include\fbxsdk\scene\fbxlibrary.h">
      <Filter>源文件\extends\fbx</Filter>
    </ClInclude>
    <ClInclude Include="extends\fbx\include\fbxsdk\scene\fbxmediaclip.h">
      <Filter>源文件\extends\fbx</Filter>
    </ClInclude>
    <ClInclude Include="extends\fbx\include\fbxsdk\scene\fbxobjectfilter.h">
      <Filter>源文件\extends\fbx</Filter>
    </ClInclude>
    <ClInclude Include="extends\fbx\include\fbxsdk\scene\fbxobjectmetadata.h">
      <Filter>源文件\extends\fbx</Filter>
    </ClInclude>
    <ClInclude Include="extends\fbx\include\fbxsdk\scene\fbxobjectscontainer.h">
      <Filter>源文件\extends\fbx</Filter>
    </ClInclude>
    <ClInclude Include="extends\fbx\include\fbxsdk\scene\fbxpose.h">
      <Filter>源文件\extends\fbx</Filter>
    </ClInclude>
    <ClInclude Include="extends\fbx\include\fbxsdk\scene\fbxreference.h">
      <Filter>源文件\extends\fbx</Filter>
    </ClInclude>
    <ClInclude Include="extends\fbx\include\fbxsdk\scene\fbxscene.h">
      <Filter>源文件\extends\fbx</Filter>
    </ClInclude>
    <ClInclude Include="extends\fbx\include\fbxsdk\scene\fbxselectionnode.h">
      <Filter>源文件\extends\fbx</Filter>
    </ClInclude>
    <ClInclude Include="extends\fbx\include\fbxsdk\scene\fbxselectionset.h">
      <Filter>源文件\extends\fbx</Filter>
    </ClInclude>
    <ClInclude Include="extends\fbx\include\fbxsdk\scene\fbxtakeinfo.h">
      <Filter>源文件\extends\fbx</Filter>
    </ClInclude>
    <ClInclude Include="extends\fbx\include\fbxsdk\scene\fbxthumbnail.h">
      <Filter>源文件\extends\fbx</Filter>
    </ClInclude>
    <ClInclude Include="extends\fbx\include\fbxsdk\scene\fbxvideo.h">
      <Filter>源文件\extends\fbx</Filter>
    </ClInclude>
    <ClInclude Include="extends\fbx\include\fbxsdk\scene\geometry\fbxblendshape.h">
      <Filter>源文件\extends\fbx</Filter>
    </ClInclude>
    <ClInclude Include="extends\fbx\include\fbxsdk\scene\geometry\fbxblendshapechannel.h">
      <Filter>源文件\extends\fbx</Filter>
    </ClInclude>
    <ClInclude Include="extends\fbx\include\fbxsdk\scene\geometry\fbxcache.h">
      <Filter>源文件\extends\fbx</Filter>
    </ClInclude>
    <ClInclude Include="extends\fbx\include\fbxsdk\scene\geometry\fbxcachedeffect.h">
      <Filter>源文件\extends\fbx</Filter>
    </ClInclude>
    <ClInclude Include="extends\fbx\include\fbxsdk\scene\geometry\fbxcamera.h">
      <Filter>源文件\extends\fbx</Filter>
    </ClInclude>
    <ClInclude Include="extends\fbx\include\fbxsdk\scene\geometry\fbxcamerastereo.h">
      <Filter>源文件\extends\fbx</Filter>
    </ClInclude>
    <ClInclude Include="extends\fbx\include\fbxsdk\scene\geometry\fbxcameraswitcher.h">
      <Filter>源文件\extends\fbx</Filter>
    </ClInclude>
    <ClInclude Include="extends\fbx\include\fbxsdk\scene\geometry\fbxcluster.h">
      <Filter>源文件\extends\fbx</Filter>
    </ClInclude>
    <ClInclude Include="extends\fbx\include\fbxsdk\scene\geometry\fbxdeformer.h">
      <Filter>源文件\extends\fbx</Filter>
    </ClInclude>
    <ClInclude Include="extends\fbx\include\fbxsdk\scene\geometry\fbxgenericnode.h">
      <Filter>源文件\extends\fbx</Filter>
    </ClInclude>
    <ClInclude Include="extends\fbx\include\fbxsdk\scene\geometry\fbxgeometry.h">
      <Filter>源文件\extends\fbx</Filter>
    </ClInclude>
    <ClInclude Include="extends\fbx\include\fbxsdk\scene\geometry\fbxgeometrybase.h">
      <Filter>源文件\extends\fbx</Filter>
    </ClInclude>
    <ClInclude Include="extends\fbx\include\fbxsdk\scene\geometry\fbxgeometryweightedmap.h">
      <Filter>源文件\extends\fbx</Filter>
    </ClInclude>
    <ClInclude Include="extends\fbx\include\fbxsdk\scene\geometry\fbxlayer.h">
      <Filter>源文件\extends\fbx</Filter>
    </ClInclude>
    <ClInclude Include="extends\fbx\include\fbxsdk\scene\geometry\fbxlayercontainer.h">
      <Filter>源文件\extends\fbx</Filter>
    </ClInclude>
    <ClInclude Include="extends\fbx\include\fbxsdk\scene\geometry\fbxlight.h">
      <Filter>源文件\extends\fbx</Filter>
    </ClInclude>
    <ClInclude Include="extends\fbx\include\fbxsdk\scene\geometry\fbxlimitsutilities.h">
      <Filter>源文件\extends\fbx</Filter>
    </ClInclude>
    <ClInclude Include="extends\fbx\include\fbxsdk\scene\geometry\fbxline.h">
      <Filter>源文件\extends\fbx</Filter>
    </ClInclude>
    <ClInclude Include="extends\fbx\include\fbxsdk\scene\geometry\fbxlodgroup.h">
      <Filter>源文件\extends\fbx</Filter>
    </ClInclude>
    <ClInclude Include="extends\fbx\include\fbxsdk\scene\geometry\fbxmarker.h">
      <Filter>源文件\extends\fbx</Filter>
    </ClInclude>
    <ClInclude Include="extends\fbx\include\fbxsdk\scene\geometry\fbxmesh.h">
      <Filter>源文件\extends\fbx</Filter>
    </ClInclude>
    <ClInclude Include="extends\fbx\include\fbxsdk\scene\geometry\fbxnode.h">
      <Filter>源文件\extends\fbx</Filter>
    </ClInclude>
    <ClInclude Include="extends\fbx\include\fbxsdk\scene\geometry\fbxnodeattribute.h">
      <Filter>源文件\extends\fbx</Filter>
    </ClInclude>
    <ClInclude Include="extends\fbx\include\fbxsdk\scene\geometry\fbxnull.h">
      <Filter>源文件\extends\fbx</Filter>
    </ClInclude>
    <ClInclude Include="extends\fbx\include\fbxsdk\scene\geometry\fbxnurbs.h">
      <Filter>源文件\extends\fbx</Filter>
    </ClInclude>
    <ClInclude Include="extends\fbx\include\fbxsdk\scene\geometry\fbxnurbscurve.h">
      <Filter>源文件\extends\fbx</Filter>
    </ClInclude>
    <ClInclude Include="extends\fbx\include\fbxsdk\scene\geometry\fbxnurbssurface.h">
      <Filter>源文件\extends\fbx</Filter>
    </ClInclude>
    <ClInclude Include="extends\fbx\include\fbxsdk\scene\geometry\fbxopticalreference.h">
      <Filter>源文件\extends\fbx</Filter>
    </ClInclude>
    <ClInclude Include="extends\fbx\include\fbxsdk\scene\geometry\fbxpatch.h">
      <Filter>源文件\extends\fbx</Filter>
    </ClInclude>
    <ClInclude Include="extends\fbx\include\fbxsdk\scene\geometry\fbxproceduralgeometry.h">
      <Filter>源文件\extends\fbx</Filter>
    </ClInclude>
    <ClInclude Include="extends\fbx\include\fbxsdk\scene\geometry\fbxshape.h">
      <Filter>源文件\extends\fbx</Filter>
    </ClInclude>
    <ClInclude Include="extends\fbx\include\fbxsdk\scene\geometry\fbxskeleton.h">
      <Filter>源文件\extends\fbx</Filter>
    </ClInclude>
    <ClInclude Include="extends\fbx\include\fbxsdk\scene\geometry\fbxskin.h">
      <Filter>源文件\extends\fbx</Filter>
    </ClInclude>
    <ClInclude Include="extends\fbx\include\fbxsdk\scene\geometry\fbxsubdeformer.h">
      <Filter>源文件\extends\fbx</Filter>
    </ClInclude>
    <ClInclude Include="extends\fbx\include\fbxsdk\scene\geometry\fbxsubdiv.h">
      <Filter>源文件\extends\fbx</Filter>
    </ClInclude>
    <ClInclude Include="extends\fbx\include\fbxsdk\scene\geometry\fbxtrimnurbssurface.h">
      <Filter>源文件\extends\fbx</Filter>
    </ClInclude>
    <ClInclude Include="extends\fbx\include\fbxsdk\scene\geometry\fbxvertexcachedeformer.h">
      <Filter>源文件\extends\fbx</Filter>
    </ClInclude>
    <ClInclude Include="extends\fbx\include\fbxsdk\scene\geometry\fbxweightedmapping.h">
      <Filter>源文件\extends\fbx</Filter>
    </ClInclude>
    <ClInclude Include="extends\fbx\include\fbxsdk\scene\shading\fbxbindingoperator.h">
      <Filter>源文件\extends\fbx</Filter>
    </ClInclude>
    <ClInclude Include="extends\fbx\include\fbxsdk\scene\shading\fbxbindingsentryview.h">
      <Filter>源文件\extends\fbx</Filter>
    </ClInclude>
    <ClInclude Include="extends\fbx\include\fbxsdk\scene\shading\fbxbindingtable.h">
      <Filter>源文件\extends\fbx</Filter>
    </ClInclude>
    <ClInclude Include="extends\fbx\include\fbxsdk\scene\shading\fbxbindingtablebase.h">
      <Filter>源文件\extends\fbx</Filter>
    </ClInclude>
    <ClInclude Include="extends\fbx\include\fbxsdk\scene\shading\fbxbindingtableentry.h">
      <Filter>源文件\extends\fbx</Filter>
    </ClInclude>
    <ClInclude Include="extends\fbx\include\fbxsdk\scene\shading\fbxconstantentryview.h">
      <Filter>源文件\extends\fbx</Filter>
    </ClInclude>
    <ClInclude Include="extends\fbx\include\fbxsdk\scene\shading\fbxentryview.h">
      <Filter>源文件\extends\fbx</Filter>
    </ClInclude>
    <ClInclude Include="extends\fbx\include\fbxsdk\scene\shading\fbxfiletexture.h">
      <Filter>源文件\extends\fbx</Filter>
    </ClInclude>
    <ClInclude Include="extends\fbx\include\fbxsdk\scene\shading\fbximplementation.h">
      <Filter>源文件\extends\fbx</Filter>
    </ClInclude>
    <ClInclude Include="extends\fbx\include\fbxsdk\scene\shading\fbximplementationfilter.h">
      <Filter>源文件\extends\fbx</Filter>
    </ClInclude>
    <ClInclude Include="extends\fbx\include\fbxsdk\scene\shading\fbximplementationutils.h">
      <Filter>源文件\extends\fbx</Filter>
    </ClInclude>
    <ClInclude Include="extends\fbx\include\fbxsdk\scene\shading\fbxlayeredtexture.h">
      <Filter>源文件\extends\fbx</Filter>
    </ClInclude>
    <ClInclude Include="extends\fbx\include\fbxsdk\scene\shading\fbxlayerentryview.h">
      <Filter>源文件\extends\fbx</Filter>
    </ClInclude>
    <ClInclude Include="extends\fbx\include\fbxsdk\scene\shading\fbxoperatorentryview.h">
      <Filter>源文件\extends\fbx</Filter>
    </ClInclude>
    <ClInclude Include="extends\fbx\include\fbxsdk\scene\shading\fbxproceduraltexture.h">
      <Filter>源文件\extends\fbx</Filter>
    </ClInclude>
    <ClInclude Include="extends\fbx\include\fbxsdk\scene\shading\fbxpropertyentryview.h">
      <Filter>源文件\extends\fbx</Filter>
    </ClInclude>
    <ClInclude Include="extends\fbx\include\fbxsdk\scene\shading\fbxsemanticentryview.h">
      <Filter>源文件\extends\fbx</Filter>
    </ClInclude>
    <ClInclude Include="extends\fbx\include\fbxsdk\scene\shading\fbxshadingconventions.h">
      <Filter>源文件\extends\fbx</Filter>
    </ClInclude>
    <ClInclude Include="extends\fbx\include\fbxsdk\scene\shading\fbxsurfacelambert.h">
      <Filter>源文件\extends\fbx</Filter>
    </ClInclude>
    <ClInclude Include="extends\fbx\include\fbxsdk\scene\shading\fbxsurfacematerial.h">
      <Filter>源文件\extends\fbx</Filter>
    </ClInclude>
    <ClInclude Include="extends\fbx\include\fbxsdk\scene\shading\fbxsurfacephong.h">
      <Filter>源文件\extends\fbx</Filter>
    </ClInclude>
    <ClInclude Include="extends\fbx\include\fbxsdk\scene\shading\fbxtexture.h">
      <Filter>源文件\extends\fbx</Filter>
    </ClInclude>
    <ClInclude Include="extends\fbx\include\fbxsdk\utils\fbxclonemanager.h">
      <Filter>源文件\extends\fbx</Filter>
    </ClInclude>
    <ClInclude Include="extends\fbx\include\fbxsdk\utils\fbxdeformationsevaluator.h">
      <Filter>源文件\extends\fbx</Filter>
    </ClInclude>
    <ClInclude Include="extends\fbx\include\fbxsdk\utils\fbxembeddedfilesaccumulator.h">
      <Filter>源文件\extends\fbx</Filter>
    </ClInclude>
    <ClInclude Include="extends\fbx\include\fbxsdk\utils\fbxgeometryconverter.h">
      <Filter>源文件\extends\fbx</Filter>
    </ClInclude>
    <ClInclude Include="extends\fbx\include\fbxsdk\utils\fbxmanipulators.h">
      <Filter>源文件\extends\fbx</Filter>
    </ClInclude>
    <ClInclude Include="extends\fbx\include\fbxsdk\utils\fbxmaterialconverter.h">
      <Filter>源文件\extends\fbx</Filter>
    </ClInclude>
    <ClInclude Include="extends\fbx\include\fbxsdk\utils\fbxnamehandler.h">
      <Filter>源文件\extends\fbx</Filter>
    </ClInclude>
    <ClInclude Include="extends\fbx\include\fbxsdk\utils\fbxprocessor.h">
      <Filter>源文件\extends\fbx</Filter>
    </ClInclude>
    <ClInclude Include="extends\fbx\include\fbxsdk\utils\fbxprocessorshaderdependency.h">
      <Filter>源文件\extends\fbx</Filter>
    </ClInclude>
    <ClInclude Include="extends\fbx\include\fbxsdk\utils\fbxprocessorxref.h">
      <Filter>源文件\extends\fbx</Filter>
    </ClInclude>
    <ClInclude Include="extends\fbx\include\fbxsdk\utils\fbxprocessorxrefuserlib.h">
      <Filter>源文件\extends\fbx</Filter>
    </ClInclude>
    <ClInclude Include="extends\fbx\include\fbxsdk\utils\fbxrenamingstrategy.h">
      <Filter>源文件\extends\fbx</Filter>
    </ClInclude>
    <ClInclude Include="extends\fbx\include\fbxsdk\utils\fbxrenamingstrategybase.h">
      <Filter>源文件\extends\fbx</Filter>
    </ClInclude>
    <ClInclude Include="extends\fbx\include\fbxsdk\utils\fbxrenamingstrategyfbx5.h">
      <Filter>源文件\extends\fbx</Filter>
    </ClInclude>
    <ClInclude Include="extends\fbx\include\fbxsdk\utils\fbxrenamingstrategyfbx6.h">
      <Filter>源文件\extends\fbx</Filter>
    </ClInclude>
    <ClInclude Include="extends\fbx\include\fbxsdk\utils\fbxrenamingstrategyfbx7.h">
      <Filter>源文件\extends\fbx</Filter>
    </ClInclude>
    <ClInclude Include="extends\fbx\include\fbxsdk\utils\fbxrenamingstrategyutilities.h">
      <Filter>源文件\extends\fbx</Filter>
    </ClInclude>
    <ClInclude Include="extends\fbx\include\fbxsdk\utils\fbxrootnodeutility.h">
      <Filter>源文件\extends\fbx</Filter>
    </ClInclude>
    <ClInclude Include="extends\fbx\include\fbxsdk\utils\fbxscenecheckutility.h">
      <Filter>源文件\extends\fbx</Filter>
    </ClInclude>
    <ClInclude Include="extends\fbx\include\fbxsdk\utils\fbxusernotification.h">
      <Filter>源文件\extends\fbx</Filter>
    </ClInclude>
    <ClInclude Include="extends\fbx\include\fbxsdk.h">
      <Filter>源文件\extends\fbx</Filter>
    </ClInclude>
    <ClInclude Include="core\3D\SLMAYANode.h">
      <Filter>源文件\core\3D</Filter>
    </ClInclude>
    <ClInclude Include="core\misc\SLString.h">
      <Filter>源文件\core\misc</Filter>
    </ClInclude>
    <ClInclude Include="TestCode.h">
      <Filter>源文件</Filter>
    </ClInclude>
  </ItemGroup>
  <ItemGroup>
    <None Include="extends\math\Vec2.inl">
      <Filter>源文件\extends\math</Filter>
    </None>
    <None Include="extends\math\MathUtil.inl">
      <Filter>源文件\extends\math</Filter>
    </None>
    <None Include="extends\math\Vec3.inl">
      <Filter>源文件\extends\math</Filter>
    </None>
    <None Include="extends\math\Vec4.inl">
      <Filter>源文件\extends\math</Filter>
    </None>
    <None Include="extends\math\Quaternion.inl">
      <Filter>源文件\extends\math</Filter>
    </None>
    <None Include="extends\math\Mat4.inl">
      <Filter>源文件\extends\math</Filter>
    </None>
  </ItemGroup>
</Project>